// !$*UTF8*$!
{
	archiveVersion = 1;
	classes = {
	};
	objectVersion = 46;
	objects = {

/* Begin PBXBuildFile section */
		ABF4755A162D77BD0013532C /* main.c in Sources */ = {isa = PBXBuildFile; fileRef = ABF47559162D77BD0013532C /* main.c */; };
		ABF4755C162D77BD0013532C /* mac2rk.1 in CopyFiles */ = {isa = PBXBuildFile; fileRef = ABF4755B162D77BD0013532C /* mac2rk.1 */; };
		D095E814163BE23600D7EA2A /* libportaudio.a in Frameworks */ = {isa = PBXBuildFile; fileRef = D095E813163BE23500D7EA2A /* libportaudio.a */; };
/* End PBXBuildFile section */

/* Begin PBXCopyFilesBuildPhase section */
		ABF47553162D77BD0013532C /* CopyFiles */ = {
			isa = PBXCopyFilesBuildPhase;
			buildActionMask = 2147483647;
			dstPath = /usr/share/man/man1/;
			dstSubfolderSpec = 0;
			files = (
				ABF4755C162D77BD0013532C /* mac2rk.1 in CopyFiles */,
			);
			runOnlyForDeploymentPostprocessing = 1;
		};
/* End PBXCopyFilesBuildPhase section */

/* Begin PBXFileReference section */
		ABF47555162D77BD0013532C /* mac2rk */ = {isa = PBXFileReference; explicitFileType = "compiled.mach-o.executable"; includeInIndex = 0; path = mac2rk; sourceTree = BUILT_PRODUCTS_DIR; };
		ABF47559162D77BD0013532C /* main.c */ = {isa = PBXFileReference; lastKnownFileType = sourcecode.c.c; path = main.c; sourceTree = "<group>"; };
		ABF4755B162D77BD0013532C /* mac2rk.1 */ = {isa = PBXFileReference; lastKnownFileType = text.man; path = mac2rk.1; sourceTree = "<group>"; };
		D095E813163BE23500D7EA2A /* libportaudio.a */ = {isa = PBXFileReference; lastKnownFileType = archive.ar; name = libportaudio.a; path = ../../../../../opt/local/lib/libportaudio.a; sourceTree = "<group>"; };
/* End PBXFileReference section */

/* Begin PBXFrameworksBuildPhase section */
		ABF47552162D77BD0013532C /* Frameworks */ = {
			isa = PBXFrameworksBuildPhase;
			buildActionMask = 2147483647;
			files = (
				D095E814163BE23600D7EA2A /* libportaudio.a in Frameworks */,
			);
			runOnlyForDeploymentPostprocessing = 0;
		};
/* End PBXFrameworksBuildPhase section */

/* Begin PBXGroup section */
		ABF4754A162D77BD0013532C = {
			isa = PBXGroup;
			children = (
				D095E813163BE23500D7EA2A /* libportaudio.a */,
				ABF47558162D77BD0013532C /* mac2rk */,
				ABF47556162D77BD0013532C /* Products */,
			);
			sourceTree = "<group>";
		};
		ABF47556162D77BD0013532C /* Products */ = {
			isa = PBXGroup;
			children = (
				ABF47555162D77BD0013532C /* mac2rk */,
			);
			name = Products;
			sourceTree = "<group>";
		};
		ABF47558162D77BD0013532C /* mac2rk */ = {
			isa = PBXGroup;
			children = (
				ABF47559162D77BD0013532C /* main.c */,
				ABF4755B162D77BD0013532C /* mac2rk.1 */,
			);
			path = mac2rk;
			sourceTree = "<group>";
		};
/* End PBXGroup section */

/* Begin PBXNativeTarget section */
		ABF47554162D77BD0013532C /* mac2rk */ = {
			isa = PBXNativeTarget;
			buildConfigurationList = ABF4755F162D77BD0013532C /* Build configuration list for PBXNativeTarget "mac2rk" */;
			buildPhases = (
				ABF47551162D77BD0013532C /* Sources */,
				ABF47552162D77BD0013532C /* Frameworks */,
				ABF47553162D77BD0013532C /* CopyFiles */,
			);
			buildRules = (
			);
			dependencies = (
			);
			name = mac2rk;
			productName = mac2rk;
			productReference = ABF47555162D77BD0013532C /* mac2rk */;
			productType = "com.apple.product-type.tool";
		};
/* End PBXNativeTarget section */

/* Begin PBXProject section */
		ABF4754C162D77BD0013532C /* Project object */ = {
			isa = PBXProject;
			attributes = {
				LastUpgradeCheck = 0450;
				ORGANIZATIONNAME = alexcp;
			};
			buildConfigurationList = ABF4754F162D77BD0013532C /* Build configuration list for PBXProject "mac2rk" */;
			compatibilityVersion = "Xcode 3.2";
			developmentRegion = English;
			hasScannedForEncodings = 0;
			knownRegions = (
				en,
			);
			mainGroup = ABF4754A162D77BD0013532C;
			productRefGroup = ABF47556162D77BD0013532C /* Products */;
			projectDirPath = "";
			projectRoot = "";
			targets = (
				ABF47554162D77BD0013532C /* mac2rk */,
			);
		};
/* End PBXProject section */

/* Begin PBXSourcesBuildPhase section */
		ABF47551162D77BD0013532C /* Sources */ = {
			isa = PBXSourcesBuildPhase;
			buildActionMask = 2147483647;
			files = (
				ABF4755A162D77BD0013532C /* main.c in Sources */,
			);
			runOnlyForDeploymentPostprocessing = 0;
		};
/* End PBXSourcesBuildPhase section */

/* Begin XCBuildConfiguration section */
		ABF4755D162D77BD0013532C /* Debug */ = {
			isa = XCBuildConfiguration;
			buildSettings = {
				ALWAYS_SEARCH_USER_PATHS = NO;
				ARCHS = "$(ARCHS_STANDARD_64_BIT)";
				CLANG_CXX_LANGUAGE_STANDARD = "gnu++0x";
				CLANG_CXX_LIBRARY = "libc++";
				CLANG_ENABLE_OBJC_ARC = YES;
				CLANG_WARN_EMPTY_BODY = YES;
				CLANG_WARN__DUPLICATE_METHOD_MATCH = YES;
				COPY_PHASE_STRIP = NO;
				GCC_C_LANGUAGE_STANDARD = gnu99;
				GCC_DYNAMIC_NO_PIC = NO;
				GCC_ENABLE_OBJC_EXCEPTIONS = YES;
				GCC_OPTIMIZATION_LEVEL = 0;
				GCC_PREPROCESSOR_DEFINITIONS = (
					"DEBUG=1",
					"$(inherited)",
				);
				GCC_SYMBOLS_PRIVATE_EXTERN = NO;
				GCC_WARN_64_TO_32_BIT_CONVERSION = YES;
				GCC_WARN_ABOUT_RETURN_TYPE = YES;
				GCC_WARN_UNINITIALIZED_AUTOS = YES;
				GCC_WARN_UNUSED_VARIABLE = YES;
				MACOSX_DEPLOYMENT_TARGET = 10.7;
				ONLY_ACTIVE_ARCH = YES;
				SDKROOT = macosx;
			};
			name = Debug;
		};
		ABF4755E162D77BD0013532C /* Release */ = {
			isa = XCBuildConfiguration;
			buildSettings = {
				ALWAYS_SEARCH_USER_PATHS = NO;
				ARCHS = "$(ARCHS_STANDARD_64_BIT)";
				CLANG_CXX_LANGUAGE_STANDARD = "gnu++0x";
				CLANG_CXX_LIBRARY = "libc++";
				CLANG_ENABLE_OBJC_ARC = YES;
				CLANG_WARN_EMPTY_BODY = YES;
				CLANG_WARN__DUPLICATE_METHOD_MATCH = YES;
				COPY_PHASE_STRIP = YES;
				DEBUG_INFORMATION_FORMAT = "dwarf-with-dsym";
				GCC_C_LANGUAGE_STANDARD = gnu99;
				GCC_ENABLE_OBJC_EXCEPTIONS = YES;
				GCC_WARN_64_TO_32_BIT_CONVERSION = YES;
				GCC_WARN_ABOUT_RETURN_TYPE = YES;
				GCC_WARN_UNINITIALIZED_AUTOS = YES;
				GCC_WARN_UNUSED_VARIABLE = YES;
				MACOSX_DEPLOYMENT_TARGET = 10.7;
				SDKROOT = macosx;
			};
			name = Release;
		};
		ABF47560162D77BD0013532C /* Debug */ = {
			isa = XCBuildConfiguration;
			buildSettings = {
				LIBRARY_SEARCH_PATHS = (
					"$(inherited)",
					/opt/local/lib,
				);
				PRODUCT_NAME = "$(TARGET_NAME)";
			};
			name = Debug;
		};
		ABF47561162D77BD0013532C /* Release */ = {
			isa = XCBuildConfiguration;
			buildSettings = {
				LIBRARY_SEARCH_PATHS = (
					"$(inherited)",
					/opt/local/lib,
				);
				PRODUCT_NAME = "$(TARGET_NAME)";
			};
			name = Release;
		};
/* End XCBuildConfiguration section */

/* Begin XCConfigurationList section */
		ABF4754F162D77BD0013532C /* Build configuration list for PBXProject "mac2rk" */ = {
			isa = XCConfigurationList;
			buildConfigurations = (
				ABF4755D162D77BD0013532C /* Debug */,
				ABF4755E162D77BD0013532C /* Release */,
			);
			defaultConfigurationIsVisible = 0;
			defaultConfigurationName = Release;
		};
		ABF4755F162D77BD0013532C /* Build configuration list for PBXNativeTarget "mac2rk" */ = {
			isa = XCConfigurationList;
			buildConfigurations = (
				ABF47560162D77BD0013532C /* Debug */,
				ABF47561162D77BD0013532C /* Release */,
			);
			defaultConfigurationIsVisible = 0;
			defaultConfigurationName = Release;
		};
/* End XCConfigurationList section */
	};
	rootObject = ABF4754C162D77BD0013532C /* Project object */;
}
